{
  "nodes": {
    "home-manager": {
      "inputs": {
        "nixpkgs": [
          "nixpkgs"
        ]
      },
      "locked": {
        "lastModified": 1705408632,
        "narHash": "sha256-/AhkReVocTli5BLWA5WXxUlGYXn3Agi/uzX76TNrsbo=",
        "owner": "nix-community",
        "repo": "home-manager",
        "rev": "37d6eeceee464adc03585404eebd68765b3c8615",
        "type": "github"
      },
      "original": {
        "owner": "nix-community",
        "repo": "home-manager",
        "type": "github"
      }
    },
    "nixpkgs": {
      "locked": {
        "lastModified": 1705133751,
        "narHash": "sha256-rCIsyE80jgiOU78gCWN3A0wE0tR2GI5nH6MlS+HaaSQ=",
        "owner": "NixOS",
        "repo": "nixpkgs",
        "rev": "9b19f5e77dd906cb52dade0b7bd280339d2a1f3d",
        "type": "github"
      },
      "original": {
        "owner": "NixOS",
        "ref": "nixos-unstable",
        "repo": "nixpkgs",
        "type": "github"
      }
    },
    "nur": {
      "locked": {
        "lastModified": 1705668878,
        "narHash": "sha256-avadoMOXwHeMpo3o1inLgksQWP4D49IDuv3KOwQSP1Y=",
        "owner": "nix-community",
        "repo": "NUR",
        "rev": "b68b7cf37a4d34c12c4b7d76d8ac6cedca6817ed",
        "type": "github"
      },
      "original": {
        "owner": "nix-community",
        "repo": "NUR",
        "type": "github"
      }
    },
    "root": {
      "inputs": {
        "home-manager": "home-manager",
        "nixpkgs": "nixpkgs",
        "nur": "nur"
      }
    }
  },
  "root": "root",
  "version": 7
}
